
Microsoft Visual Studio Solution File, Format Version 12.00
# Visual Studio Version 17
VisualStudioVersion = 17.7.34031.279
MinimumVisualStudioVersion = 10.0.40219.1
Project("{FAE04EC0-301F-11D3-BF4B-00C04F79EFBC}") = "OOPPrensipler_0", "OOPPrensipler_0\OOPPrensipler_0.csproj", "{2D22A705-A761-42D1-8919-65CDFFDE3DD1}"
EndProject
Global
	GlobalSection(SolutionConfigurationPlatforms) = preSolution
		Debug|Any CPU = Debug|Any CPU
		Release|Any CPU = Release|Any CPU
	EndGlobalSection
	GlobalSection(ProjectConfigurationPlatforms) = postSolution
		{2D22A705-A761-42D1-8919-65CDFFDE3DD1}.Debug|Any CPU.ActiveCfg = Debug|Any CPU
		{2D22A705-A761-42D1-8919-65CDFFDE3DD1}.Debug|Any CPU.Build.0 = Debug|Any CPU
		{2D22A705-A761-42D1-8919-65CDFFDE3DD1}.Release|Any CPU.ActiveCfg = Release|Any CPU
		{2D22A705-A761-42D1-8919-65CDFFDE3DD1}.Release|Any CPU.Build.0 = Release|Any CPU
	EndGlobalSection
	GlobalSection(SolutionProperties) = preSolution
		HideSolutionNode = FALSE
	EndGlobalSection
	GlobalSection(ExtensibilityGlobals) = postSolution
		SolutionGuid = {575F12C0-B82F-4A4F-8990-DCB64628E8DE}
	EndGlobalSection
EndGlobal
